
Microsoft Visual Studio Solution File, Format Version 12.00
# Visual Studio Version 17
VisualStudioVersion = 17.6.33723.286
MinimumVisualStudioVersion = 10.0.40219.1
Project("{FAE04EC0-301F-11D3-BF4B-00C04F79EFBC}") = "Area", "Area\Area.csproj", "{FC9F357B-775F-440E-9C8A-A1557B49D94C}"
EndProject
Global
	GlobalSection(SolutionConfigurationPlatforms) = preSolution
		Debug|Any CPU = Debug|Any CPU
		Release|Any CPU = Release|Any CPU
	EndGlobalSection
	GlobalSection(ProjectConfigurationPlatforms) = postSolution
		{FC9F357B-775F-440E-9C8A-A1557B49D94C}.Debug|Any CPU.ActiveCfg = Debug|Any CPU
		{FC9F357B-775F-440E-9C8A-A1557B49D94C}.Debug|Any CPU.Build.0 = Debug|Any CPU
		{FC9F357B-775F-440E-9C8A-A1557B49D94C}.Release|Any CPU.ActiveCfg = Release|Any CPU
		{FC9F357B-775F-440E-9C8A-A1557B49D94C}.Release|Any CPU.Build.0 = Release|Any CPU
	EndGlobalSection
	GlobalSection(SolutionProperties) = preSolution
		HideSolutionNode = FALSE
	EndGlobalSection
	GlobalSection(ExtensibilityGlobals) = postSolution
		SolutionGuid = {69B30ED5-0964-447C-8A47-287C2B047AE1}
	EndGlobalSection
EndGlobal
